Microsoft Visual Studio Solution File, Format Version 11.00
# Visual Studio 2010
Project("{FAE04EC0-301F-11D3-BF4B-00C04F79EFBC}") = "PowerTools2011.Editor", "PowerTools2011.Editor\PowerTools2011.Editor.csproj", "{D5174043-975A-4AE9-855C-4A8DB6313DB6}"
EndProject
Project("{FAE04EC0-301F-11D3-BF4B-00C04F79EFBC}") = "PowerTools2011.Model", "PowerTools2011.Model\PowerTools2011.Model.csproj", "{4E10D003-9313-449E-9E21-61265236F43A}"
EndProject
Project("{FAE04EC0-301F-11D3-BF4B-00C04F79EFBC}") = "PowerTools2011.Common", "PowerTools2011.Common\PowerTools2011.Common.csproj", "{B0EF0918-58E9-4439-BF26-76895E3BE66B}"
EndProject
Global
	GlobalSection(SolutionConfigurationPlatforms) = preSolution
		Debug|Any CPU = Debug|Any CPU
		Release|Any CPU = Release|Any CPU
	EndGlobalSection
	GlobalSection(ProjectConfigurationPlatforms) = postSolution
		{D5174043-975A-4AE9-855C-4A8DB6313DB6}.Debug|Any CPU.ActiveCfg = Debug|Any CPU
		{D5174043-975A-4AE9-855C-4A8DB6313DB6}.Debug|Any CPU.Build.0 = Debug|Any CPU
		{D5174043-975A-4AE9-855C-4A8DB6313DB6}.Release|Any CPU.ActiveCfg = Release|Any CPU
		{D5174043-975A-4AE9-855C-4A8DB6313DB6}.Release|Any CPU.Build.0 = Release|Any CPU
		{4E10D003-9313-449E-9E21-61265236F43A}.Debug|Any CPU.ActiveCfg = Debug|Any CPU
		{4E10D003-9313-449E-9E21-61265236F43A}.Debug|Any CPU.Build.0 = Debug|Any CPU
		{4E10D003-9313-449E-9E21-61265236F43A}.Release|Any CPU.ActiveCfg = Release|Any CPU
		{4E10D003-9313-449E-9E21-61265236F43A}.Release|Any CPU.Build.0 = Release|Any CPU
		{B0EF0918-58E9-4439-BF26-76895E3BE66B}.Debug|Any CPU.ActiveCfg = Debug|Any CPU
		{B0EF0918-58E9-4439-BF26-76895E3BE66B}.Debug|Any CPU.Build.0 = Debug|Any CPU
		{B0EF0918-58E9-4439-BF26-76895E3BE66B}.Release|Any CPU.ActiveCfg = Release|Any CPU
		{B0EF0918-58E9-4439-BF26-76895E3BE66B}.Release|Any CPU.Build.0 = Release|Any CPU
	EndGlobalSection
	GlobalSection(SolutionProperties) = preSolution
		HideSolutionNode = FALSE
	EndGlobalSection
EndGlobal
