
Microsoft Visual Studio Solution File, Format Version 11.00
# Visual Studio 2010
Project("{FAE04EC0-301F-11D3-BF4B-00C04F79EFBC}") = "PowerTools2011", "PowerTools2011.csproj", "{432086D7-98A0-4F33-9C61-19DD835623BB}"
EndProject
Project("{E24C65DC-7377-472B-9ABA-BC803B73C61A}") = "PowerToolsEditor", "..\PowerToolsEditor\", "{168DEF95-17B0-4F78-8672-325136E8FABD}"
	ProjectSection(WebsiteProperties) = preProject
		TargetFrameworkMoniker = ".NETFramework,Version%3Dv4.0"
		Debug.AspNetCompiler.VirtualPath = "/PowerToolsEditor"
		Debug.AspNetCompiler.PhysicalPath = "..\PowerToolsEditor\"
		Debug.AspNetCompiler.TargetPath = "PrecompiledWeb\PowerToolsEditor\"
		Debug.AspNetCompiler.Updateable = "true"
		Debug.AspNetCompiler.ForceOverwrite = "true"
		Debug.AspNetCompiler.FixedNames = "false"
		Debug.AspNetCompiler.Debug = "True"
		Release.AspNetCompiler.VirtualPath = "/PowerToolsEditor"
		Release.AspNetCompiler.PhysicalPath = "..\PowerToolsEditor\"
		Release.AspNetCompiler.TargetPath = "PrecompiledWeb\PowerToolsEditor\"
		Release.AspNetCompiler.Updateable = "true"
		Release.AspNetCompiler.ForceOverwrite = "true"
		Release.AspNetCompiler.FixedNames = "false"
		Release.AspNetCompiler.Debug = "False"
		VWDPort = "56794"
	EndProjectSection
EndProject
Global
	GlobalSection(SubversionScc) = preSolution
		Svn-Managed = True
		Manager = AnkhSVN - Subversion Support for Visual Studio
	EndGlobalSection
	GlobalSection(SolutionConfigurationPlatforms) = preSolution
		Debug|Any CPU = Debug|Any CPU
		Release|Any CPU = Release|Any CPU
	EndGlobalSection
	GlobalSection(ProjectConfigurationPlatforms) = postSolution
		{432086D7-98A0-4F33-9C61-19DD835623BB}.Debug|Any CPU.ActiveCfg = Debug|Any CPU
		{432086D7-98A0-4F33-9C61-19DD835623BB}.Debug|Any CPU.Build.0 = Debug|Any CPU
		{432086D7-98A0-4F33-9C61-19DD835623BB}.Release|Any CPU.ActiveCfg = Release|Any CPU
		{432086D7-98A0-4F33-9C61-19DD835623BB}.Release|Any CPU.Build.0 = Release|Any CPU
		{168DEF95-17B0-4F78-8672-325136E8FABD}.Debug|Any CPU.ActiveCfg = Debug|Any CPU
		{168DEF95-17B0-4F78-8672-325136E8FABD}.Debug|Any CPU.Build.0 = Debug|Any CPU
		{168DEF95-17B0-4F78-8672-325136E8FABD}.Release|Any CPU.ActiveCfg = Debug|Any CPU
		{168DEF95-17B0-4F78-8672-325136E8FABD}.Release|Any CPU.Build.0 = Debug|Any CPU
	EndGlobalSection
	GlobalSection(SolutionProperties) = preSolution
		HideSolutionNode = FALSE
	EndGlobalSection
EndGlobal
